<?xml version="1.0" encoding="utf-8"?>
<Project ToolsVersion="4.0" xmlns="http://schemas.microsoft.com/developer/msbuild/2003">
  <ItemGroup>
    <ClCompile Include="Control\Input.cpp" />
    <ClCompile Include="Data\Comanda.cpp" />
    <ClCompile Include="GameObjects\Muebles\FinalCinta.cpp" />
    <ClCompile Include="GameObjects\Cliente.cpp" />
    <ClCompile Include="GameObjects\Muebles\Cinta.cpp" />
    <ClCompile Include="Control\Game.cpp" />
    <ClCompile Include="Control\main.cpp" />
    <ClCompile Include="GameObjects\Muebles\Fogon.cpp" />
    <ClCompile Include="GameObjects\GameObject.cpp" />
    <ClCompile Include="GameObjects\Player.cpp" />
    <ClCompile Include="GameObjects\Muebles\Mueble.cpp" />
    <ClCompile Include="GameObjects\Muebles\Lavavajillas.cpp" />
    <ClCompile Include="GameObjects\Muebles\Mesa.cpp" />
    <ClCompile Include="GameObjects\ObjetoPortable.cpp" />
    <ClCompile Include="GameObjects\Paella.cpp" />
    <ClCompile Include="GameObjects\GrupoClientes.cpp" />
    <ClCompile Include="Data\ListaComandas.cpp" />
    <ClCompile Include="Control\NetworkManager.cpp" />
    <ClCompile Include="Control\ObjectManager.cpp" />
    <ClCompile Include="GameObjects\Ingrediente.cpp" />
    <ClCompile Include="GameObjects\Muebles\InicioCinta.cpp" />
    <ClCompile Include="GameObjects\PoolObject.cpp" />
    <ClCompile Include="GameObjects\Muebles\Silla.cpp" />
    <ClCompile Include="GameObjects\Muebles\TablaProcesado.cpp" />
    <ClCompile Include="SDL2-2.0.20\include\SDL_rect.cpp" />
    <ClCompile Include="sdlutils\SDLUtils.cpp" />
    <ClCompile Include="Scenes\Restaurante.cpp" />
    <ClCompile Include="GameObjects\Fondo.cpp" />
    <ClCompile Include="Utils\Texture.cpp" />
    <ClCompile Include="json\JSON.cpp" />
    <ClCompile Include="json\JSONValue.cpp" />
    <ClCompile Include="sdlutils\SoundEffect.cpp" />
    <ClCompile Include="GameObjects\Muebles\Cartel.cpp" />
    <ClCompile Include="GameObjects\Muebles\Puerta.cpp" />
    <ClCompile Include="GameObjects\Cola.cpp" />
    <ClCompile Include="GameObjects\UI\RedactaComandabutton.cpp" />
    <ClCompile Include="GameObjects\UI\UiButton.cpp" />
    <ClCompile Include="GameObjects\UI\UIManager.cpp" />
    <ClCompile Include="GameObjects\UI\Ingredientebutton.cpp" />
    <ClCompile Include="Scenes\Scene.cpp" />
    <ClCompile Include="Scenes\Menu.cpp" />
    <ClCompile Include="Control\Camera.cpp" />
    <ClCompile Include="GameObjects\Muebles\Encimera.cpp" />
  </ItemGroup>
  <ItemGroup>
    <ClInclude Include="GameObjects\Muebles\FinalCinta.h" />
    <ClInclude Include="GameObjects\Collider.h" />
    <ClInclude Include="Control\Input.h" />
    <ClInclude Include="Data\Comanda.h" />
    <ClInclude Include="GameObjects\Cliente.h" />
    <ClInclude Include="GameObjects\Muebles\Cinta.h" />
    <ClInclude Include="GameObjects\Muebles\Fogon.h" />
    <ClInclude Include="framework.h" />
    <ClInclude Include="Control\Game.h" />
    <ClInclude Include="GameObjects\GameObject.h" />
    <ClInclude Include="GameObjects\Muebles\Mueble.h" />
    <ClInclude Include="GameObjects\Muebles\Lavavajillas.h" />
    <ClInclude Include="GameObjects\Muebles\Mesa.h" />
    <ClInclude Include="GameObjects\ObjetoPortable.h" />
    <ClInclude Include="GameObjects\Paella.h" />
    <ClInclude Include="GameObjects\GrupoClientes.h" />
    <ClInclude Include="Data\ListaComandas.h" />
    <ClInclude Include="Control\NetworkManager.h" />
    <ClInclude Include="Control\ObjectManager.h" />
    <ClInclude Include="GameObjects\Ingrediente.h" />
    <ClInclude Include="GameObjects\Muebles\InicioCinta.h" />
    <ClInclude Include="PaellasRodriguez.h" />
    <ClInclude Include="GameObjects\Player.h" />
    <ClInclude Include="Data\Pool.h" />
    <ClInclude Include="GameObjects\PoolObject.h" />
    <ClInclude Include="Resource.h" />
    <ClInclude Include="Scenes\Restaurante.h" />
    <ClInclude Include="GameObjects\Muebles\Silla.h" />
    <ClInclude Include="GameObjects\Muebles\TablaProcesado.h" />
    <ClInclude Include="sdlutils\SDLUtils.h" />
    <ClInclude Include="targetver.h" />
    <ClInclude Include="Utils\Vector2D.h" />
    <ClInclude Include="GameObjects\Fondo.h" />
    <ClInclude Include="Utils\Texture.h" />
    <ClInclude Include="Utils\Singleton.h" />
    <ClInclude Include="json\JSON.h" />
    <ClInclude Include="json\JSONValue.h" />
    <ClInclude Include="sdlutils\SoundEffect.h" />
    <ClInclude Include="sdlutils\Music.h" />
    <ClInclude Include="sdlutils\macros.h" />
    <ClInclude Include="sdlutils\InputHandler.h" />
    <ClInclude Include="sdlutils\Font.h" />
    <ClInclude Include="sdlutils\VirtualTimer.h" />
    <ClInclude Include="tmxlite\include\tmxlite\Property.hpp" />
    <ClInclude Include="tmxlite\include\tmxlite\TileLayer.hpp" />
    <ClInclude Include="tmxlite\include\tmxlite\Tileset.hpp" />
    <ClInclude Include="tmxlite\include\tmxlite\Types.hpp" />
    <ClInclude Include="tmxlite\include\tmxlite\Config.hpp" />
    <ClInclude Include="tmxlite\include\tmxlite\FreeFuncs.hpp" />
    <ClInclude Include="tmxlite\include\tmxlite\ImageLayer.hpp" />
    <ClInclude Include="tmxlite\include\tmxlite\Layer.hpp" />
    <ClInclude Include="tmxlite\include\tmxlite\LayerGroup.hpp" />
    <ClInclude Include="tmxlite\include\tmxlite\Map.hpp" />
    <ClInclude Include="tmxlite\include\tmxlite\Object.hpp" />
    <ClInclude Include="tmxlite\include\tmxlite\ObjectGroup.hpp" />
    <ClInclude Include="GameObjects\Muebles\Cartel.h" />
    <ClInclude Include="GameObjects\Muebles\Puerta.h" />
    <ClInclude Include="GameObjects\Cola.h" />
    <ClInclude Include="GameObjects\UI\RedactaComandabutton.h" />
    <ClInclude Include="GameObjects\UI\UiButton.h" />
    <ClInclude Include="GameObjects\UI\UIManager.h" />
    <ClInclude Include="GameObjects\UI\Ingredientebutton.h" />
    <ClInclude Include="Utils\Traza.h" />
    <ClInclude Include="GameObjects\Muebles\MueblesInclude.h" />
    <ClInclude Include="Scenes\Scene.h" />
    <ClInclude Include="Scenes\Menu.h" />
    <ClInclude Include="Control\Camera.h" />
    <ClInclude Include="GameObjects\Muebles\Encimera.h" />
  </ItemGroup>
  <ItemGroup>
    <ResourceCompile Include="PaellasRodriguez.rc" />
  </ItemGroup>
  <ItemGroup>
    <Image Include="Images\a.png" />
    <Image Include="PaellasRodriguez.ico" />
    <Image Include="SDL2-2.0.20\Images\coin.png" />
    <Image Include="small.ico" />
  </ItemGroup>
  <ItemGroup>
    <None Include="json\RAEDME.md" />
    <None Include="tmxlite\include\tmxlite\Types.inl" />
  </ItemGroup>
  <ItemGroup>
    <Filter Include=".cpp">
      <UniqueIdentifier>{3d85bc96-12e5-4cc5-bc06-5d96a22d9ee1}</UniqueIdentifier>
      <Extensions>.cpp</Extensions>
    </Filter>
  </ItemGroup>
</Project>