<?xml version="1.0" encoding="utf-8"?>
<Project ToolsVersion="4.0" xmlns="http://schemas.microsoft.com/developer/msbuild/2003">
  <ItemGroup>
    <ClCompile Include="Data\Comanda.cpp" />
    <ClCompile Include="GameObjects\Muebles\FinalCinta.cpp" />
    <ClCompile Include="GameObjects\Cliente.cpp" />
    <ClCompile Include="GameObjects\Muebles\Cinta.cpp" />
    <ClCompile Include="Control\Game.cpp" />
    <ClCompile Include="Control\main.cpp" />
    <ClCompile Include="GameObjects\Muebles\Fogon.cpp" />
    <ClCompile Include="GameObjects\GameObject.cpp" />
    <ClCompile Include="GameObjects\Player.cpp" />
    <ClCompile Include="GameObjects\Muebles\Mueble.cpp" />
    <ClCompile Include="GameObjects\Muebles\Lavavajillas.cpp" />
    <ClCompile Include="GameObjects\Muebles\Mesa.cpp" />
    <ClCompile Include="GameObjects\ObjetoPortable.cpp" />
    <ClCompile Include="GameObjects\Paella.cpp" />
    <ClCompile Include="GameObjects\GrupoClientes.cpp" />
    <ClCompile Include="Data\ListaComandas.cpp" />
    <ClCompile Include="Control\ObjectManager.cpp" />
    <ClCompile Include="GameObjects\Ingrediente.cpp" />
    <ClCompile Include="GameObjects\Muebles\InicioCinta.cpp" />
    <ClCompile Include="GameObjects\Muebles\Silla.cpp" />
    <ClCompile Include="GameObjects\Muebles\TablaProcesado.cpp" />
    <ClCompile Include="SDL2-2.0.20\include\SDL_rect.cpp" />
    <ClCompile Include="sdlutils\SDLUtils.cpp" />
    <ClCompile Include="GameObjects\Imagen.cpp" />
    <ClCompile Include="Utils\Texture.cpp" />
    <ClCompile Include="json\JSON.cpp" />
    <ClCompile Include="json\JSONValue.cpp" />
    <ClCompile Include="sdlutils\SoundEffect.cpp" />
    <ClCompile Include="GameObjects\Muebles\Cartel.cpp" />
    <ClCompile Include="GameObjects\Muebles\Puerta.cpp" />
    <ClCompile Include="GameObjects\Cola.cpp" />
    <ClCompile Include="GameObjects\UI\RedactaComandaButton.cpp" />
    <ClCompile Include="GameObjects\UI\UiButton.cpp" />
    <ClCompile Include="GameObjects\UI\UIManager.cpp" />
    <ClCompile Include="GameObjects\UI\IngredienteButton.cpp" />
    <ClCompile Include="Scenes\Scene.cpp" />
    <ClCompile Include="Scenes\Menu.cpp" />
    <ClCompile Include="Control\Camera.cpp" />
    <ClCompile Include="GameObjects\UI\AceptaPaellaButton.cpp" />
    <ClCompile Include="GameObjects\UI\BorrarButton.cpp" />
    <ClCompile Include="GameObjects\UI\DescartaCommandaButton.cpp" />
    <ClCompile Include="GameObjects\UI\EnviaComandaButton.cpp" />
    <ClCompile Include="GameObjects\UI\TamanoButton.cpp" />
    <ClCompile Include="Scenes\GameOver.cpp" />
    <ClCompile Include="GameObjects\UI\ShowText.cpp" />
    <ClCompile Include="GameObjects\Muebles\Pared.cpp" />
    <ClCompile Include="GameObjects\Muebles\BolsaArroz.cpp" />
    <ClCompile Include="Data\Pedido.cpp" />
    <ClCompile Include="GameObjects\UI\Reloj.cpp" />
    <ClCompile Include="GameObjects\UI\EliminaComandaButton.cpp" />
    <ClCompile Include="Control\NetworkManager.cpp" />
    <ClCompile Include="GameObjects\Muebles\Pila.cpp" />
    <ClCompile Include="Scenes\HostClient.cpp" />
    <ClCompile Include="GameObjects\Arroz.cpp" />
    <ClCompile Include="Scenes\Lobby.cpp" />
    <ClCompile Include="Utils\Collider.cpp" />
    <ClCompile Include="Scenes\Jornada.cpp" />
    <ClCompile Include="GameObjects\IngredienteLetal.cpp" />
    <ClCompile Include="Scenes\Tutorial.cpp" />
    <ClCompile Include="Utils\ParticleExample.cpp" />
    <ClCompile Include="Utils\ParticleSystem.cpp" />
    <ClCompile Include="Control\TextManager.cpp" />
    <ClCompile Include="GameObjects\UI\OcultabarraButton.cpp" />
    <ClCompile Include="GameObjects\Ingredienteletal.cpp" />
    <ClCompile Include="GameObjects\Muebles\Encimera.cpp" />
    <ClCompile Include="GameObjects\Muebles\CajaHerramientas.cpp" />
    <ClCompile Include="GameObjects\Herramienta.cpp" />
    <ClCompile Include="sdlutils\InputHandler.cpp" />
    <ClCompile Include="GameObjects\Muebles\Sillas\SillaN.cpp" />
    <ClCompile Include="GameObjects\Muebles\Sillas\SillaS.cpp" />
    <ClCompile Include="GameObjects\Muebles\Sillas\SillaE.cpp" />
    <ClCompile Include="GameObjects\Muebles\Sillas\SillaO.cpp" />
    <ClCompile Include="GameObjects\UI\Numerobutton.cpp" />
    <ClCompile Include="Scenes\Disconnected.cpp" />
    <ClCompile Include="Scenes\FinalScene.cpp" />
  </ItemGroup>
  <ItemGroup>
    <ClInclude Include="GameObjects\Muebles\FinalCinta.h" />
    <ClInclude Include="Data\Comanda.h" />
    <ClInclude Include="GameObjects\Cliente.h" />
    <ClInclude Include="GameObjects\Muebles\Cinta.h" />
    <ClInclude Include="GameObjects\Muebles\Fogon.h" />
    <ClInclude Include="framework.h" />
    <ClInclude Include="Control\Game.h" />
    <ClInclude Include="GameObjects\GameObject.h" />
    <ClInclude Include="GameObjects\Muebles\Mueble.h" />
    <ClInclude Include="GameObjects\Muebles\Lavavajillas.h" />
    <ClInclude Include="GameObjects\Muebles\Mesa.h" />
    <ClInclude Include="GameObjects\ObjetoPortable.h" />
    <ClInclude Include="GameObjects\Paella.h" />
    <ClInclude Include="GameObjects\GrupoClientes.h" />
    <ClInclude Include="Data\ListaComandas.h" />
    <ClInclude Include="Control\ObjectManager.h" />
    <ClInclude Include="GameObjects\Ingrediente.h" />
    <ClInclude Include="GameObjects\Muebles\InicioCinta.h" />
    <ClInclude Include="PaellasRodriguez.h" />
    <ClInclude Include="GameObjects\Player.h" />
    <ClInclude Include="Data\Pool.h" />
    <ClInclude Include="Resource.h" />
    <ClInclude Include="GameObjects\Muebles\Silla.h" />
    <ClInclude Include="GameObjects\Muebles\TablaProcesado.h" />
    <ClInclude Include="sdlutils\SDLUtils.h" />
    <ClInclude Include="targetver.h" />
    <ClInclude Include="Utils\Vector2D.h" />
    <ClInclude Include="GameObjects\Imagen.h" />
    <ClInclude Include="Utils\Texture.h" />
    <ClInclude Include="Utils\Singleton.h" />
    <ClInclude Include="json\JSON.h" />
    <ClInclude Include="json\JSONValue.h" />
    <ClInclude Include="sdlutils\SoundEffect.h" />
    <ClInclude Include="sdlutils\Music.h" />
    <ClInclude Include="sdlutils\macros.h" />
    <ClInclude Include="sdlutils\InputHandler.h" />
    <ClInclude Include="sdlutils\Font.h" />
    <ClInclude Include="sdlutils\VirtualTimer.h" />
    <ClInclude Include="tmxlite\include\tmxlite\Property.hpp" />
    <ClInclude Include="tmxlite\include\tmxlite\TileLayer.hpp" />
    <ClInclude Include="tmxlite\include\tmxlite\Tileset.hpp" />
    <ClInclude Include="tmxlite\include\tmxlite\Types.hpp" />
    <ClInclude Include="tmxlite\include\tmxlite\Config.hpp" />
    <ClInclude Include="tmxlite\include\tmxlite\FreeFuncs.hpp" />
    <ClInclude Include="tmxlite\include\tmxlite\ImageLayer.hpp" />
    <ClInclude Include="tmxlite\include\tmxlite\Layer.hpp" />
    <ClInclude Include="tmxlite\include\tmxlite\LayerGroup.hpp" />
    <ClInclude Include="tmxlite\include\tmxlite\Map.hpp" />
    <ClInclude Include="tmxlite\include\tmxlite\Object.hpp" />
    <ClInclude Include="tmxlite\include\tmxlite\ObjectGroup.hpp" />
    <ClInclude Include="GameObjects\Muebles\Cartel.h" />
    <ClInclude Include="GameObjects\Muebles\Puerta.h" />
    <ClInclude Include="GameObjects\Cola.h" />
    <ClInclude Include="GameObjects\UI\RedactaComandaButton.h" />
    <ClInclude Include="GameObjects\UI\UiButton.h" />
    <ClInclude Include="GameObjects\UI\UIManager.h" />
    <ClInclude Include="GameObjects\UI\IngredienteButton.h" />
    <ClInclude Include="Utils\Traza.h" />
    <ClInclude Include="GameObjects\Muebles\MueblesInclude.h" />
    <ClInclude Include="Scenes\Scene.h" />
    <ClInclude Include="Scenes\Menu.h" />
    <ClInclude Include="Control\Camera.h" />
    <ClInclude Include="GameObjects\UI\AceptaPaellaButton.h" />
    <ClInclude Include="GameObjects\UI\BorrarButton.h" />
    <ClInclude Include="GameObjects\UI\DescartaCommandaButton.h" />
    <ClInclude Include="GameObjects\UI\EnviaComandaButton.h" />
    <ClInclude Include="GameObjects\UI\TamanoButton.h" />
    <ClInclude Include="Scenes\GameOver.h" />
    <ClInclude Include="GameObjects\UI\ShowText.h" />
    <ClInclude Include="GameObjects\Muebles\Pared.h" />
    <ClInclude Include="GameObjects\Muebles\BolsaArroz.h" />
    <ClInclude Include="Data\Pedido.h" />
    <ClInclude Include="GameObjects\UI\Reloj.h" />
    <ClInclude Include="GameObjects\UI\EliminaComandaButton.h" />
    <ClInclude Include="Control\NetworkManager.h" />
    <ClInclude Include="GameObjects\Muebles\Pila.h" />
    <ClInclude Include="Scenes\HostClient.h" />
    <ClInclude Include="GameObjects\Arroz.h" />
    <ClInclude Include="Scenes\Lobby.h" />
    <ClInclude Include="Utils\Collider.h" />
    <ClInclude Include="Scenes\Jornada.h" />
    <ClInclude Include="GameObjects\IngredienteLetal.h" />
    <ClInclude Include="Scenes\Tutorial.h" />
    <ClInclude Include="Utils\ParticleSystem.h" />
    <ClInclude Include="Utils\ParticleExample.h" />
    <ClInclude Include="Control\TextManager.h" />
    <ClInclude Include="GameObjects\UI\OcultabarraButton.h" />
    <ClInclude Include="GameObjects\Ingredienteletal.h" />
    <ClInclude Include="GameObjects\Herramienta.h" />
    <ClInclude Include="GameObjects\Muebles\Encimera.h" />
    <ClInclude Include="GameObjects\Muebles\CajaHerramientas.h" />
    <ClInclude Include="naming_conventions.h" />
    <ClInclude Include="GameObjects\Muebles\Sillas\SillaN.h" />
    <ClInclude Include="GameObjects\Muebles\Sillas\SillaS.h" />
    <ClInclude Include="GameObjects\Muebles\Sillas\SillaE.h" />
    <ClInclude Include="GameObjects\Muebles\Sillas\SillaO.h" />
    <ClInclude Include="GameObjects\UI\Numerobutton.h" />
    <ClInclude Include="Scenes\Disconnected.h" />
    <ClInclude Include="Scenes\FinalScene.h" />
  </ItemGroup>
  <ItemGroup>
    <ResourceCompile Include="PaellasRodriguez.rc" />
  </ItemGroup>
  <ItemGroup>
    <Image Include="Images\a.png" />
    <Image Include="PaellasRodriguez.ico" />
    <Image Include="SDL2-2.0.20\Images\coin.png" />
    <Image Include="small.ico" />
    <Image Include="Assets\Images\aceptaboton.png" />
    <Image Include="Assets\Images\arroz.png" />
    <Image Include="Assets\Images\barracomandas.png" />
    <Image Include="Assets\Images\barraTolerancia.png" />
    <Image Include="Assets\Images\basura.png" />
    <Image Include="Assets\Images\berenjena.png" />
    <Image Include="Assets\Images\borraboton.png" />
    <Image Include="Assets\Images\cancelaboton.png" />
    <Image Include="Assets\Images\cuadernillo.png" />
    <Image Include="Assets\Images\customization.png" />
    <Image Include="Assets\Images\encimera.png" />
    <Image Include="Assets\Images\enviaboton.png" />
    <Image Include="Assets\Images\exit.png" />
    <Image Include="Assets\Images\finalCinta.png" />
    <Image Include="Assets\Images\fogon.png" />
    <Image Include="Assets\Images\inicioCinta.png" />
    <Image Include="Assets\Images\lavavajillas.png" />
    <Image Include="Assets\Images\mesa.png" />
    <Image Include="Assets\Images\mesaS.png" />
    <Image Include="Assets\Images\player.png" />
    <Image Include="Assets\Images\redactaboton.png" />
    <Image Include="Assets\Images\settings.png" />
    <Image Include="Assets\Images\sillaAb.png" />
    <Image Include="Assets\Images\sillaAr.png" />
    <Image Include="Assets\Images\sillaDer.png" />
    <Image Include="Assets\Images\sillaIz.png" />
    <Image Include="Assets\Images\start.png" />
    <Image Include="Assets\Images\tabla.png" />
    <Image Include="Assets\Images\Ingredientes\pollo.png" />
    <Image Include="Assets\Images\Ingredientes\alcachofa.png" />
    <Image Include="Assets\Images\Ingredientes\calamar.png" />
    <Image Include="Assets\Images\Ingredientes\cangrejo.png" />
    <Image Include="Assets\Images\Ingredientes\gamba.png" />
    <Image Include="Assets\Images\Ingredientes\langosta.png" />
    <Image Include="Assets\Images\Ingredientes\mejillon.png" />
    <Image Include="Assets\Images\Ingredientes\pimientoRojo.png" />
    <Image Include="Assets\Images\Ingredientes\pimientoVerde.png" />
    <Image Include="Assets\Images\Ingredientes\alcachofaProcesada.png" />
    <Image Include="Assets\Images\Ingredientes\calamarProcesado.png" />
    <Image Include="Assets\Images\Ingredientes\cangrejoProcesado.png" />
    <Image Include="Assets\Images\Ingredientes\gambaProcesada.png" />
    <Image Include="Assets\Images\Ingredientes\langostaProcesada.png" />
    <Image Include="Assets\Images\Ingredientes\mejillonProcesado.png" />
    <Image Include="Assets\Images\Ingredientes\pimientoRojoProcesado.png" />
    <Image Include="Assets\Images\Ingredientes\pimientoVerdeProcesado.png" />
    <Image Include="Assets\Images\Ingredientes\polloProcesado.png" />
    <Image Include="Assets\Images\basic.png" />
    <Image Include="Assets\Images\enfadado.png" />
    <Image Include="Assets\Images\enfadado1.png" />
    <Image Include="Assets\Images\feliz.png" />
    <Image Include="Assets\Images\feliz2.png" />
    <Image Include="Assets\Images\TimeAnimation.png" />
    <Image Include="Assets\Images\barraCoccion.png" />
    <Image Include="Assets\Images\textoMusica.png" />
    <Image Include="Assets\Images\textoSonido.png" />
    <Image Include="Assets\Images\textoFullScreen.png" />
    <Image Include="Assets\Images\textoNombre.png" />
    <Image Include="Assets\Tilemap\Restaurante.png" />
    <Image Include="Assets\Tilemap\Tileset.png" />
    <Image Include="Assets\Images\backButton.png" />
    <Image Include="Assets\Images\barraVolumen.png" />
    <Image Include="Assets\Images\bocata.png" />
    <Image Include="Assets\Images\bolsaArroz.png" />
    <Image Include="Assets\Images\camarero.png" />
    <Image Include="Assets\Images\camareroConectandose.png" />
    <Image Include="Assets\Images\checkmark.png" />
    <Image Include="Assets\Images\cinco.png" />
    <Image Include="Assets\Images\clienteBase.png" />
    <Image Include="Assets\Images\clienteBase2.png" />
    <Image Include="Assets\Images\clienteBase3.png" />
    <Image Include="Assets\Images\closeOptionsBut.png" />
    <Image Include="Assets\Images\cocinera.png" />
    <Image Include="Assets\Images\comenzarNoConex.png" />
    <Image Include="Assets\Images\continue.png" />
    <Image Include="Assets\Images\creditos.png" />
    <Image Include="Assets\Images\cuadernilloselected.png" />
    <Image Include="Assets\Images\cuatro.png" />
    <Image Include="Assets\Images\dos.png" />
    <Image Include="Assets\Images\estrella.png" />
    <Image Include="Assets\Images\flechaCoccion.png" />
    <Image Include="Assets\Images\GUI.png" />
    <Image Include="Assets\Images\hostClientBg.png" />
    <Image Include="Assets\Images\large.png" />
    <Image Include="Assets\Images\loading.png" />
    <Image Include="Assets\Images\lobbyBg.png" />
    <Image Include="Assets\Images\medium.png" />
    <Image Include="Assets\Images\menufondo.png" />
    <Image Include="Assets\Images\nextCreditsButton.png" />
    <Image Include="Assets\Images\nueve.png" />
    <Image Include="Assets\Images\ocho.png" />
    <Image Include="Assets\Images\ocultabarraboton.png" />
    <Image Include="Assets\Images\paella.png" />
    <Image Include="Assets\Images\paellaLimpia.png" />
    <Image Include="Assets\Images\paellaMedia.png" />
    <Image Include="Assets\Images\paellaSucia.png" />
    <Image Include="Assets\Images\particle.png" />
    <Image Include="Assets\Images\pause1.png" />
    <Image Include="Assets\Images\pause2.png" />
    <Image Include="Assets\Images\pedirPlato.png" />
    <Image Include="Assets\Images\periodico.png" />
    <Image Include="Assets\Images\previousCreditsButton.png" />
    <Image Include="Assets\Images\puerta.PNG" />
    <Image Include="Assets\Images\quemadura.png" />
    <Image Include="Assets\Images\reloj.png" />
    <Image Include="Assets\Images\resumeBoton.png" />
    <Image Include="Assets\Images\review.png" />
    <Image Include="Assets\Images\seis.png" />
    <Image Include="Assets\Images\SettingsPant.png" />
    <Image Include="Assets\Images\siete.png" />
    <Image Include="Assets\Images\small.png" />
    <Image Include="Assets\Images\tres.png" />
    <Image Include="Assets\Images\uno.png" />
    <Image Include="Assets\Images\mesaL.PNG" />
    <Image Include="Assets\Images\mesaMH.PNG" />
    <Image Include="Assets\Images\mesaMV.PNG" />
    <Image Include="Assets\Images\Tutorial\cuadroTextoCamarero.png" />
    <Image Include="Assets\Images\Tutorial\cuadroTextoCocinera.png" />
    <Image Include="Assets\Images\Paellas\completoAlcachofa.png" />
    <Image Include="Assets\Images\Paellas\completoCalamar.png" />
    <Image Include="Assets\Images\Paellas\completoCangrejo.png" />
    <Image Include="Assets\Images\Paellas\completoGamba.png" />
    <Image Include="Assets\Images\Paellas\completoLangosta.png" />
    <Image Include="Assets\Images\Paellas\completoMejillon.png" />
    <Image Include="Assets\Images\Paellas\completoPimientoRojo.png" />
    <Image Include="Assets\Images\Paellas\completoPimientoVerde.png" />
    <Image Include="Assets\Images\Paellas\completoPollo.png" />
    <Image Include="Assets\Images\Paellas\mitadAlcachofa.png" />
    <Image Include="Assets\Images\Paellas\mitadCalamar.png" />
    <Image Include="Assets\Images\Paellas\mitadCangrejo.png" />
    <Image Include="Assets\Images\Paellas\mitadGamba.png" />
    <Image Include="Assets\Images\Paellas\mitadLangosta.png" />
    <Image Include="Assets\Images\Paellas\mitadMejillon.png" />
    <Image Include="Assets\Images\Paellas\mitadPimientoRojo.png" />
    <Image Include="Assets\Images\Paellas\mitadPimientoVerde.png" />
    <Image Include="Assets\Images\Paellas\mitadPollo.png" />
    <Image Include="Assets\Images\Paellas\paellaCompleta.png" />
    <Image Include="Assets\Images\Paellas\paellaCruda.png" />
    <Image Include="Assets\Images\Paellas\paellaCrudaMitad.png" />
    <Image Include="Assets\Images\Paellas\paellaIncomestible.png" />
    <Image Include="Assets\Images\Paellas\paellaIncomestibleMitad.png" />
    <Image Include="Assets\Images\Paellas\paellaMitad.png" />
    <Image Include="Assets\Images\Paellas\paellaMuyHecha.png" />
    <Image Include="Assets\Images\Paellas\paellaMuyHechaMitad.png" />
    <Image Include="Assets\Images\Paellas\paellaPocoHecha.png" />
    <Image Include="Assets\Images\Paellas\paellaPocoHechaMitad.png" />
    <Image Include="Assets\Images\Paellas\paellaQuemada.png" />
    <Image Include="Assets\Images\Paellas\paellaQuemadaMitad.png" />
    <Image Include="Assets\Images\Paellas\paellaSucia.png" />
    <Image Include="Assets\Images\Paellas\paellaVacia.png" />
    <Image Include="Assets\Images\Paellas\PilaPaellas.png" />
    <Image Include="Assets\Images\Ingredientes\rata.png" />
    <Image Include="Assets\Images\Ingredientes\sinIngredientes.png" />
    <Image Include="Assets\Images\Ingredientes\pimientoVerdeMalo.png" />
    <Image Include="Assets\Images\Ingredientes\finPedido.png" />
    <Image Include="Assets\Images\Ingredientes\pimientoRojoMalo.png" />
    <Image Include="Assets\Images\Ingredientes\arroz.png" />
    <Image Include="Assets\Anims\cinta.png" />
    <Image Include="Assets\Anims\Cocinera\cocineraIdleDown.png" />
    <Image Include="Assets\Anims\Cocinera\cocineraIdleSide.png" />
    <Image Include="Assets\Anims\Cocinera\cocineraIdleUp.png" />
    <Image Include="Assets\Anims\Cocinera\cocineraWalkDown.png" />
    <Image Include="Assets\Anims\Cocinera\cocineraWalkSide.png" />
    <Image Include="Assets\Anims\Cocinera\cocineraWalkUp.png" />
    <Image Include="Assets\Anims\Camarero\camareroIdleDown.png" />
    <Image Include="Assets\Anims\Camarero\camareroIdleSide.png" />
    <Image Include="Assets\Anims\Camarero\camareroIdleUp.png" />
    <Image Include="Assets\Anims\Camarero\camareroWalkDown.png" />
    <Image Include="Assets\Anims\Camarero\camareroWalkSide.png" />
    <Image Include="Assets\Anims\Camarero\camareroWalkUp.png" />
    <Image Include="images_gdd\coccionbar.PNG" />
    <Image Include="images_gdd\cocina.PNG" />
    <Image Include="images_gdd\comanda.PNG" />
    <Image Include="images_gdd\comandasacumuladas.PNG" />
    <Image Include="images_gdd\comedor.PNG" />
    <Image Include="Assets\Anims\libretaIp.png" />
    <Image Include="Assets\Images\Lb.png" />
    <Image Include="Assets\Images\Lt.png" />
    <Image Include="Assets\Images\R.png" />
    <Image Include="Assets\Images\Rb.png" />
    <Image Include="Assets\Images\Rt.png" />
    <Image Include="Assets\Images\Y.png" />
  </ItemGroup>
  <ItemGroup>
    <None Include="json\RAEDME.md" />
    <None Include="tmxlite\include\tmxlite\Types.inl" />
    <None Include="cpp.hint" />
    <None Include="Assets\resources.json" />
    <None Include="Assets\Tilemap\Jornada1.tmx" />
    <None Include="Assets\Tilemap\Jornada2.tmx" />
    <None Include="Assets\Tilemap\Jornada3.tmx" />
    <None Include="Assets\Tilemap\Jornada4.tmx" />
    <None Include="Assets\Tilemap\Jornada5.tmx" />
    <None Include="Assets\Tilemap\Jornada6.tmx" />
    <None Include="Assets\Tilemap\Jornada7.tmx" />
    <None Include="Assets\Tilemap\Restaurante.json" />
    <None Include="Assets\Tilemap\Tileset.mdp" />
    <None Include="Assets\Tilemap\Tileset.tsx" />
    <None Include="Assets\Tilemap\Tutorial.tmx" />
    <None Include="Assets\Images\desktop.ini" />
    <None Include="css\bootstrap.css" />
    <None Include="css\bootstrap.css.map" />
    <None Include="css\redes.css" />
    <None Include="index.html" />
    <None Include="libFLAC-8.dll" />
    <None Include="libfreetype-6.dll" />
    <None Include="libjpeg-9.dll" />
    <None Include="libmodplug-1.dll" />
    <None Include="libmpg123-0.dll" />
    <None Include="libogg-0.dll" />
    <None Include="libpng16-16.dll" />
    <None Include="libtiff-5.dll" />
    <None Include="libvorbis-0.dll" />
    <None Include="libvorbisfile-3.dll" />
    <None Include="libwebp-4.dll" />
    <None Include="LICENSE" />
    <None Include="SDL2.dll" />
    <None Include="SDL2_image.dll" />
    <None Include="SDL2_mixer.dll" />
    <None Include="SDL2_net.dll" />
    <None Include="SDL2_ttf.dll" />
    <None Include="tmxlite.dll" />
    <None Include="tmxlite-d.dll" />
    <None Include="zlib1.dll" />
    <None Include="redes.html" />
  </ItemGroup>
  <ItemGroup>
    <Filter Include=".cpp">
      <UniqueIdentifier>{3d85bc96-12e5-4cc5-bc06-5d96a22d9ee1}</UniqueIdentifier>
      <Extensions>.cpp</Extensions>
    </Filter>
  </ItemGroup>
  <ItemGroup>
    <Font Include="Assets\fonts\ARIAL.ttf" />
    <Font Include="Assets\fonts\Capture_it.ttf" />
    <Font Include="Assets\fonts\NES-Chimera.ttf" />
    <Font Include="Assets\Fonts\Paella.ttf" />
    <Font Include="Assets\Fonts\Abadi.otf" />
  </ItemGroup>
  <ItemGroup>
    <Media Include="Assets\Music\TitleScreen.mp3" />
    <Media Include="Assets\Music\InGameMusic.mp3" />
    <Media Include="Assets\Sounds\1star.mp3" />
    <Media Include="Assets\Sounds\2star.mp3" />
    <Media Include="Assets\Sounds\3star.mp3" />
    <Media Include="Assets\Sounds\4star.mp3" />
    <Media Include="Assets\Sounds\5star.mp3" />
    <Media Include="Assets\Sounds\Cancel.mp3" />
    <Media Include="Assets\Sounds\Cinta.mp3" />
    <Media Include="Assets\Sounds\ClienteCome.mp3" />
    <Media Include="Assets\Sounds\ComandaDescartada.mp3" />
    <Media Include="Assets\Sounds\ComandaEnviada.mp3" />
    <Media Include="Assets\Sounds\Connected.mp3" />
    <Media Include="Assets\Sounds\Conversacion2.mp3" />
    <Media Include="Assets\Sounds\Conversacion4.mp3" />
    <Media Include="Assets\Sounds\Conversacion7.mp3" />
    <Media Include="Assets\Sounds\Cortar1.mp3" />
    <Media Include="Assets\Sounds\Cortar2.mp3" />
    <Media Include="Assets\Sounds\Cortar3.mp3" />
    <Media Include="Assets\Sounds\Cubiertos.mp3" />
    <Media Include="Assets\Sounds\Disconnected.mp3" />
    <Media Include="Assets\Sounds\EnciendeFogon.mp3" />
    <Media Include="Assets\Sounds\Escribir1.mp3" />
    <Media Include="Assets\Sounds\Escribir2.mp3" />
    <Media Include="Assets\Sounds\Escribir3.mp3" />
    <Media Include="Assets\Sounds\Escribir4.mp3" />
    <Media Include="Assets\Sounds\Escribir5.mp3" />
    <Media Include="Assets\Sounds\Fogon.mp3" />
    <Media Include="Assets\Sounds\Fuego.mp3" />
    <Media Include="Assets\Sounds\InicioCinta.mp3" />
    <Media Include="Assets\Sounds\Paella.mp3" />
    <Media Include="Assets\Sounds\Puerta.mp3" />
    <Media Include="Assets\Sounds\Quemadura.mp3" />
    <Media Include="Assets\Sounds\Select.mp3" />
    <Media Include="Assets\Sounds\TirarPaella.mp3" />
    <Media Include="Assets\Sounds\UltimaHora.mp3" />
    <Media Include="Assets\Music\changes.mp3" />
    <Media Include="Assets\Sounds\PageTurn.mp3" />
  </ItemGroup>
</Project>